
Microsoft Visual Studio Solution File, Format Version 12.00
# Visual Studio Version 17
VisualStudioVersion = 17.2.32630.192
MinimumVisualStudioVersion = 10.0.40219.1
Project("{9A19103F-16F7-4668-BE54-9A1E7A4F7556}") = "R5T.F0116.Construction", "R5T.F0116.Construction\R5T.F0116.Construction.csproj", "{7D5D8F15-DF2F-48CA-95B2-8A84C077CE41}"
EndProject
Project("{9A19103F-16F7-4668-BE54-9A1E7A4F7556}") = "R5T.F0116", "R5T.F0116\R5T.F0116.csproj", "{2F76EB01-7C04-4685-9875-87EC2E50C58B}"
EndProject
Global
	GlobalSection(SolutionConfigurationPlatforms) = preSolution
		Debug|Any CPU = Debug|Any CPU
		Release|Any CPU = Release|Any CPU
	EndGlobalSection
	GlobalSection(ProjectConfigurationPlatforms) = postSolution
		{7D5D8F15-DF2F-48CA-95B2-8A84C077CE41}.Debug|Any CPU.ActiveCfg = Debug|Any CPU
		{7D5D8F15-DF2F-48CA-95B2-8A84C077CE41}.Debug|Any CPU.Build.0 = Debug|Any CPU
		{7D5D8F15-DF2F-48CA-95B2-8A84C077CE41}.Release|Any CPU.ActiveCfg = Release|Any CPU
		{7D5D8F15-DF2F-48CA-95B2-8A84C077CE41}.Release|Any CPU.Build.0 = Release|Any CPU
		{2F76EB01-7C04-4685-9875-87EC2E50C58B}.Debug|Any CPU.ActiveCfg = Debug|Any CPU
		{2F76EB01-7C04-4685-9875-87EC2E50C58B}.Debug|Any CPU.Build.0 = Debug|Any CPU
		{2F76EB01-7C04-4685-9875-87EC2E50C58B}.Release|Any CPU.ActiveCfg = Release|Any CPU
		{2F76EB01-7C04-4685-9875-87EC2E50C58B}.Release|Any CPU.Build.0 = Release|Any CPU
	EndGlobalSection
	GlobalSection(SolutionProperties) = preSolution
		HideSolutionNode = FALSE
	EndGlobalSection
	GlobalSection(ExtensibilityGlobals) = postSolution
		SolutionGuid = {4BCE271B-73F0-4577-8D46-8773A65C0816}
	EndGlobalSection
EndGlobal
